
Microsoft Visual Studio Solution File, Format Version 12.00
# Visual Studio Version 17
VisualStudioVersion = 17.11.35327.3
MinimumVisualStudioVersion = 10.0.40219.1
Project("{FAE04EC0-301F-11D3-BF4B-00C04F79EFBC}") = "GrpcServer", "GrpcNetCore\GrpcServer.csproj", "{69D90E6A-948C-456A-9A17-C404FA469221}"
EndProject
Project("{FAE04EC0-301F-11D3-BF4B-00C04F79EFBC}") = "GrpcSDK", "GrpcSDK\GrpcSDK.csproj", "{ED8F7552-F283-454B-BC0F-8B52DE7ADB53}"
EndProject
Project("{FAE04EC0-301F-11D3-BF4B-00C04F79EFBC}") = "GrpcWAPITest", "GrpcWAPITest\GrpcWAPITest.csproj", "{341F3E66-4E3E-4E14-B68F-C4D8756E0397}"
EndProject
Global
	GlobalSection(SolutionConfigurationPlatforms) = preSolution
		Debug|Any CPU = Debug|Any CPU
		Release|Any CPU = Release|Any CPU
	EndGlobalSection
	GlobalSection(ProjectConfigurationPlatforms) = postSolution
		{69D90E6A-948C-456A-9A17-C404FA469221}.Debug|Any CPU.ActiveCfg = Debug|Any CPU
		{69D90E6A-948C-456A-9A17-C404FA469221}.Debug|Any CPU.Build.0 = Debug|Any CPU
		{69D90E6A-948C-456A-9A17-C404FA469221}.Release|Any CPU.ActiveCfg = Release|Any CPU
		{69D90E6A-948C-456A-9A17-C404FA469221}.Release|Any CPU.Build.0 = Release|Any CPU
		{ED8F7552-F283-454B-BC0F-8B52DE7ADB53}.Debug|Any CPU.ActiveCfg = Debug|Any CPU
		{ED8F7552-F283-454B-BC0F-8B52DE7ADB53}.Debug|Any CPU.Build.0 = Debug|Any CPU
		{ED8F7552-F283-454B-BC0F-8B52DE7ADB53}.Release|Any CPU.ActiveCfg = Release|Any CPU
		{ED8F7552-F283-454B-BC0F-8B52DE7ADB53}.Release|Any CPU.Build.0 = Release|Any CPU
		{341F3E66-4E3E-4E14-B68F-C4D8756E0397}.Debug|Any CPU.ActiveCfg = Debug|Any CPU
		{341F3E66-4E3E-4E14-B68F-C4D8756E0397}.Debug|Any CPU.Build.0 = Debug|Any CPU
		{341F3E66-4E3E-4E14-B68F-C4D8756E0397}.Release|Any CPU.ActiveCfg = Release|Any CPU
		{341F3E66-4E3E-4E14-B68F-C4D8756E0397}.Release|Any CPU.Build.0 = Release|Any CPU
	EndGlobalSection
	GlobalSection(SolutionProperties) = preSolution
		HideSolutionNode = FALSE
	EndGlobalSection
	GlobalSection(ExtensibilityGlobals) = postSolution
		SolutionGuid = {312E1FD4-59A9-4D75-9758-077D7A4207DB}
	EndGlobalSection
EndGlobal
